
Microsoft Visual Studio Solution File, Format Version 12.00
# Visual Studio Version 16
VisualStudioVersion = 16.0.30621.155
MinimumVisualStudioVersion = 10.0.40219.1
Project("{FAE04EC0-301F-11D3-BF4B-00C04F79EFBC}") = "Day7_CodeFirst_Project", "Day7_CodeFirst_Project\Day7_CodeFirst_Project.csproj", "{0685AC34-101F-47D3-9A39-4E0511328F8E}"
EndProject
Global
	GlobalSection(SolutionConfigurationPlatforms) = preSolution
		Debug|Any CPU = Debug|Any CPU
		Release|Any CPU = Release|Any CPU
	EndGlobalSection
	GlobalSection(ProjectConfigurationPlatforms) = postSolution
		{0685AC34-101F-47D3-9A39-4E0511328F8E}.Debug|Any CPU.ActiveCfg = Debug|Any CPU
		{0685AC34-101F-47D3-9A39-4E0511328F8E}.Debug|Any CPU.Build.0 = Debug|Any CPU
		{0685AC34-101F-47D3-9A39-4E0511328F8E}.Release|Any CPU.ActiveCfg = Release|Any CPU
		{0685AC34-101F-47D3-9A39-4E0511328F8E}.Release|Any CPU.Build.0 = Release|Any CPU
	EndGlobalSection
	GlobalSection(SolutionProperties) = preSolution
		HideSolutionNode = FALSE
	EndGlobalSection
	GlobalSection(ExtensibilityGlobals) = postSolution
		SolutionGuid = {18983577-9F45-4A08-A53B-F9BACF57F2BB}
	EndGlobalSection
EndGlobal
