
Microsoft Visual Studio Solution File, Format Version 12.00
# Visual Studio Version 16
VisualStudioVersion = 16.0.30621.155
MinimumVisualStudioVersion = 10.0.40219.1
Project("{FAE04EC0-301F-11D3-BF4B-00C04F79EFBC}") = "Da6_Question", "Da6_Question\Da6_Question.csproj", "{782B6EBB-C6C3-4ADB-B052-AE629DD0573D}"
EndProject
Global
	GlobalSection(SolutionConfigurationPlatforms) = preSolution
		Debug|Any CPU = Debug|Any CPU
		Release|Any CPU = Release|Any CPU
	EndGlobalSection
	GlobalSection(ProjectConfigurationPlatforms) = postSolution
		{782B6EBB-C6C3-4ADB-B052-AE629DD0573D}.Debug|Any CPU.ActiveCfg = Debug|Any CPU
		{782B6EBB-C6C3-4ADB-B052-AE629DD0573D}.Debug|Any CPU.Build.0 = Debug|Any CPU
		{782B6EBB-C6C3-4ADB-B052-AE629DD0573D}.Release|Any CPU.ActiveCfg = Release|Any CPU
		{782B6EBB-C6C3-4ADB-B052-AE629DD0573D}.Release|Any CPU.Build.0 = Release|Any CPU
	EndGlobalSection
	GlobalSection(SolutionProperties) = preSolution
		HideSolutionNode = FALSE
	EndGlobalSection
	GlobalSection(ExtensibilityGlobals) = postSolution
		SolutionGuid = {B1AC2C90-231E-4AD1-AC98-B83152724483}
	EndGlobalSection
EndGlobal
